
Microsoft Visual Studio Solution File, Format Version 12.00
# Visual Studio Version 16
VisualStudioVersion = 16.0.30804.86
MinimumVisualStudioVersion = 10.0.40219.1
Project("{FAE04EC0-301F-11D3-BF4B-00C04F79EFBC}") = "Right_click_Helper", "Right_click_Helper.csproj", "{DF632434-DD70-412C-8B72-D3C1193A41FD}"
EndProject
Global
	GlobalSection(SolutionConfigurationPlatforms) = preSolution
		Debug|Any CPU = Debug|Any CPU
		Release|Any CPU = Release|Any CPU
	EndGlobalSection
	GlobalSection(ProjectConfigurationPlatforms) = postSolution
		{DF632434-DD70-412C-8B72-D3C1193A41FD}.Debug|Any CPU.ActiveCfg = Debug|Any CPU
		{DF632434-DD70-412C-8B72-D3C1193A41FD}.Debug|Any CPU.Build.0 = Debug|Any CPU
		{DF632434-DD70-412C-8B72-D3C1193A41FD}.Release|Any CPU.ActiveCfg = Release|Any CPU
		{DF632434-DD70-412C-8B72-D3C1193A41FD}.Release|Any CPU.Build.0 = Release|Any CPU
	EndGlobalSection
	GlobalSection(SolutionProperties) = preSolution
		HideSolutionNode = FALSE
	EndGlobalSection
	GlobalSection(ExtensibilityGlobals) = postSolution
		SolutionGuid = {66572CBC-C500-4228-AAC1-5C6535377DEE}
	EndGlobalSection
EndGlobal
